// !$*UTF8*$!
{
	archiveVersion = 1;
	classes = {
	};
	objectVersion = 46;
	objects = {

/* Begin PBXBuildFile section */
		1C1233441A9CD1B10069F964 /* AppDelegate.swift in Sources */ = {isa = PBXBuildFile; fileRef = 1C1233431A9CD1B10069F964 /* AppDelegate.swift */; };
		1C1233471A9CD1B10069F964 /* BlogApp.xcdatamodeld in Sources */ = {isa = PBXBuildFile; fileRef = 1C1233451A9CD1B10069F964 /* BlogApp.xcdatamodeld */; };
		1C1233491A9CD1B10069F964 /* ViewController.swift in Sources */ = {isa = PBXBuildFile; fileRef = 1C1233481A9CD1B10069F964 /* ViewController.swift */; };
		1C12334C1A9CD1B10069F964 /* Main.storyboard in Resources */ = {isa = PBXBuildFile; fileRef = 1C12334A1A9CD1B10069F964 /* Main.storyboard */; };
		1C12334E1A9CD1B10069F964 /* Images.xcassets in Resources */ = {isa = PBXBuildFile; fileRef = 1C12334D1A9CD1B10069F964 /* Images.xcassets */; };
		1C1233511A9CD1B10069F964 /* LaunchScreen.xib in Resources */ = {isa = PBXBuildFile; fileRef = 1C12334F1A9CD1B10069F964 /* LaunchScreen.xib */; };
		1C12335D1A9CD1B10069F964 /* BlogAppTests.swift in Sources */ = {isa = PBXBuildFile; fileRef = 1C12335C1A9CD1B10069F964 /* BlogAppTests.swift */; };
		1C1233671A9CD1C30069F964 /* Api.swift in Sources */ = {isa = PBXBuildFile; fileRef = 1C1233661A9CD1C30069F964 /* Api.swift */; };
		1C1233691A9CD1CC0069F964 /* Config.plist in Resources */ = {isa = PBXBuildFile; fileRef = 1C1233681A9CD1CC0069F964 /* Config.plist */; };
/* End PBXBuildFile section */

/* Begin PBXContainerItemProxy section */
		1C1233571A9CD1B10069F964 /* PBXContainerItemProxy */ = {
			isa = PBXContainerItemProxy;
			containerPortal = 1C1233361A9CD1B10069F964 /* Project object */;
			proxyType = 1;
			remoteGlobalIDString = 1C12333D1A9CD1B10069F964;
			remoteInfo = BlogApp;
		};
/* End PBXContainerItemProxy section */

/* Begin PBXFileReference section */
		1C12333E1A9CD1B10069F964 /* BlogApp.app */ = {isa = PBXFileReference; explicitFileType = wrapper.application; includeInIndex = 0; path = BlogApp.app; sourceTree = BUILT_PRODUCTS_DIR; };
		1C1233421A9CD1B10069F964 /* Info.plist */ = {isa = PBXFileReference; lastKnownFileType = text.plist.xml; path = Info.plist; sourceTree = "<group>"; };
		1C1233431A9CD1B10069F964 /* AppDelegate.swift */ = {isa = PBXFileReference; lastKnownFileType = sourcecode.swift; path = AppDelegate.swift; sourceTree = "<group>"; };
		1C1233461A9CD1B10069F964 /* BlogApp.xcdatamodel */ = {isa = PBXFileReference; lastKnownFileType = wrapper.xcdatamodel; path = BlogApp.xcdatamodel; sourceTree = "<group>"; };
		1C1233481A9CD1B10069F964 /* ViewController.swift */ = {isa = PBXFileReference; lastKnownFileType = sourcecode.swift; path = ViewController.swift; sourceTree = "<group>"; };
		1C12334B1A9CD1B10069F964 /* Base */ = {isa = PBXFileReference; lastKnownFileType = file.storyboard; name = Base; path = Base.lproj/Main.storyboard; sourceTree = "<group>"; };
		1C12334D1A9CD1B10069F964 /* Images.xcassets */ = {isa = PBXFileReference; lastKnownFileType = folder.assetcatalog; path = Images.xcassets; sourceTree = "<group>"; };
		1C1233501A9CD1B10069F964 /* Base */ = {isa = PBXFileReference; lastKnownFileType = file.xib; name = Base; path = Base.lproj/LaunchScreen.xib; sourceTree = "<group>"; };
		1C1233561A9CD1B10069F964 /* BlogAppTests.xctest */ = {isa = PBXFileReference; explicitFileType = wrapper.cfbundle; includeInIndex = 0; path = BlogAppTests.xctest; sourceTree = BUILT_PRODUCTS_DIR; };
		1C12335B1A9CD1B10069F964 /* Info.plist */ = {isa = PBXFileReference; lastKnownFileType = text.plist.xml; path = Info.plist; sourceTree = "<group>"; };
		1C12335C1A9CD1B10069F964 /* BlogAppTests.swift */ = {isa = PBXFileReference; lastKnownFileType = sourcecode.swift; path = BlogAppTests.swift; sourceTree = "<group>"; };
		1C1233661A9CD1C30069F964 /* Api.swift */ = {isa = PBXFileReference; fileEncoding = 4; lastKnownFileType = sourcecode.swift; path = Api.swift; sourceTree = "<group>"; };
		1C1233681A9CD1CC0069F964 /* Config.plist */ = {isa = PBXFileReference; fileEncoding = 4; lastKnownFileType = text.plist.xml; path = Config.plist; sourceTree = "<group>"; };
/* End PBXFileReference section */

/* Begin PBXFrameworksBuildPhase section */
		1C12333B1A9CD1B10069F964 /* Frameworks */ = {
			isa = PBXFrameworksBuildPhase;
			buildActionMask = 2147483647;
			files = (
			);
			runOnlyForDeploymentPostprocessing = 0;
		};
		1C1233531A9CD1B10069F964 /* Frameworks */ = {
			isa = PBXFrameworksBuildPhase;
			buildActionMask = 2147483647;
			files = (
			);
			runOnlyForDeploymentPostprocessing = 0;
		};
/* End PBXFrameworksBuildPhase section */

/* Begin PBXGroup section */
		1C1233351A9CD1B10069F964 = {
			isa = PBXGroup;
			children = (
				1C1233401A9CD1B10069F964 /* BlogApp */,
				1C1233591A9CD1B10069F964 /* BlogAppTests */,
				1C12333F1A9CD1B10069F964 /* Products */,
			);
			sourceTree = "<group>";
		};
		1C12333F1A9CD1B10069F964 /* Products */ = {
			isa = PBXGroup;
			children = (
				1C12333E1A9CD1B10069F964 /* BlogApp.app */,
				1C1233561A9CD1B10069F964 /* BlogAppTests.xctest */,
			);
			name = Products;
			sourceTree = "<group>";
		};
		1C1233401A9CD1B10069F964 /* BlogApp */ = {
			isa = PBXGroup;
			children = (
				1C1233661A9CD1C30069F964 /* Api.swift */,
				1C1233431A9CD1B10069F964 /* AppDelegate.swift */,
				1C1233481A9CD1B10069F964 /* ViewController.swift */,
				1C12334A1A9CD1B10069F964 /* Main.storyboard */,
				1C12334D1A9CD1B10069F964 /* Images.xcassets */,
				1C12334F1A9CD1B10069F964 /* LaunchScreen.xib */,
				1C1233451A9CD1B10069F964 /* BlogApp.xcdatamodeld */,
				1C1233411A9CD1B10069F964 /* Supporting Files */,
			);
			path = BlogApp;
			sourceTree = "<group>";
		};
		1C1233411A9CD1B10069F964 /* Supporting Files */ = {
			isa = PBXGroup;
			children = (
				1C1233681A9CD1CC0069F964 /* Config.plist */,
				1C1233421A9CD1B10069F964 /* Info.plist */,
			);
			name = "Supporting Files";
			sourceTree = "<group>";
		};
		1C1233591A9CD1B10069F964 /* BlogAppTests */ = {
			isa = PBXGroup;
			children = (
				1C12335C1A9CD1B10069F964 /* BlogAppTests.swift */,
				1C12335A1A9CD1B10069F964 /* Supporting Files */,
			);
			path = BlogAppTests;
			sourceTree = "<group>";
		};
		1C12335A1A9CD1B10069F964 /* Supporting Files */ = {
			isa = PBXGroup;
			children = (
				1C12335B1A9CD1B10069F964 /* Info.plist */,
			);
			name = "Supporting Files";
			sourceTree = "<group>";
		};
/* End PBXGroup section */

/* Begin PBXNativeTarget section */
		1C12333D1A9CD1B10069F964 /* BlogApp */ = {
			isa = PBXNativeTarget;
			buildConfigurationList = 1C1233601A9CD1B10069F964 /* Build configuration list for PBXNativeTarget "BlogApp" */;
			buildPhases = (
				1C12333A1A9CD1B10069F964 /* Sources */,
				1C12333B1A9CD1B10069F964 /* Frameworks */,
				1C12333C1A9CD1B10069F964 /* Resources */,
			);
			buildRules = (
			);
			dependencies = (
			);
			name = BlogApp;
			productName = BlogApp;
			productReference = 1C12333E1A9CD1B10069F964 /* BlogApp.app */;
			productType = "com.apple.product-type.application";
		};
		1C1233551A9CD1B10069F964 /* BlogAppTests */ = {
			isa = PBXNativeTarget;
			buildConfigurationList = 1C1233631A9CD1B10069F964 /* Build configuration list for PBXNativeTarget "BlogAppTests" */;
			buildPhases = (
				1C1233521A9CD1B10069F964 /* Sources */,
				1C1233531A9CD1B10069F964 /* Frameworks */,
				1C1233541A9CD1B10069F964 /* Resources */,
			);
			buildRules = (
			);
			dependencies = (
				1C1233581A9CD1B10069F964 /* PBXTargetDependency */,
			);
			name = BlogAppTests;
			productName = BlogAppTests;
			productReference = 1C1233561A9CD1B10069F964 /* BlogAppTests.xctest */;
			productType = "com.apple.product-type.bundle.unit-test";
		};
/* End PBXNativeTarget section */

/* Begin PBXProject section */
		1C1233361A9CD1B10069F964 /* Project object */ = {
			isa = PBXProject;
			attributes = {
				LastSwiftUpdateCheck = 0710;
				LastUpgradeCheck = 0610;
				ORGANIZATIONNAME = "Ian Stansbury";
				TargetAttributes = {
					1C12333D1A9CD1B10069F964 = {
						CreatedOnToolsVersion = 6.1.1;
					};
					1C1233551A9CD1B10069F964 = {
						CreatedOnToolsVersion = 6.1.1;
						TestTargetID = 1C12333D1A9CD1B10069F964;
					};
				};
			};
			buildConfigurationList = 1C1233391A9CD1B10069F964 /* Build configuration list for PBXProject "BlogApp" */;
			compatibilityVersion = "Xcode 3.2";
			developmentRegion = English;
			hasScannedForEncodings = 0;
			knownRegions = (
				en,
				Base,
			);
			mainGroup = 1C1233351A9CD1B10069F964;
			productRefGroup = 1C12333F1A9CD1B10069F964 /* Products */;
			projectDirPath = "";
			projectRoot = "";
			targets = (
				1C12333D1A9CD1B10069F964 /* BlogApp */,
				1C1233551A9CD1B10069F964 /* BlogAppTests */,
			);
		};
/* End PBXProject section */

/* Begin PBXResourcesBuildPhase section */
		1C12333C1A9CD1B10069F964 /* Resources */ = {
			isa = PBXResourcesBuildPhase;
			buildActionMask = 2147483647;
			files = (
				1C1233691A9CD1CC0069F964 /* Config.plist in Resources */,
				1C12334C1A9CD1B10069F964 /* Main.storyboard in Resources */,
				1C1233511A9CD1B10069F964 /* LaunchScreen.xib in Resources */,
				1C12334E1A9CD1B10069F964 /* Images.xcassets in Resources */,
			);
			runOnlyForDeploymentPostprocessing = 0;
		};
		1C1233541A9CD1B10069F964 /* Resources */ = {
			isa = PBXResourcesBuildPhase;
			buildActionMask = 2147483647;
			files = (
			);
			runOnlyForDeploymentPostprocessing = 0;
		};
/* End PBXResourcesBuildPhase section */

/* Begin PBXSourcesBuildPhase section */
		1C12333A1A9CD1B10069F964 /* Sources */ = {
			isa = PBXSourcesBuildPhase;
			buildActionMask = 2147483647;
			files = (
				1C1233491A9CD1B10069F964 /* ViewController.swift in Sources */,
				1C1233441A9CD1B10069F964 /* AppDelegate.swift in Sources */,
				1C1233671A9CD1C30069F964 /* Api.swift in Sources */,
				1C1233471A9CD1B10069F964 /* BlogApp.xcdatamodeld in Sources */,
			);
			runOnlyForDeploymentPostprocessing = 0;
		};
		1C1233521A9CD1B10069F964 /* Sources */ = {
			isa = PBXSourcesBuildPhase;
			buildActionMask = 2147483647;
			files = (
				1C12335D1A9CD1B10069F964 /* BlogAppTests.swift in Sources */,
			);
			runOnlyForDeploymentPostprocessing = 0;
		};
/* End PBXSourcesBuildPhase section */

/* Begin PBXTargetDependency section */
		1C1233581A9CD1B10069F964 /* PBXTargetDependency */ = {
			isa = PBXTargetDependency;
			target = 1C12333D1A9CD1B10069F964 /* BlogApp */;
			targetProxy = 1C1233571A9CD1B10069F964 /* PBXContainerItemProxy */;
		};
/* End PBXTargetDependency section */

/* Begin PBXVariantGroup section */
		1C12334A1A9CD1B10069F964 /* Main.storyboard */ = {
			isa = PBXVariantGroup;
			children = (
				1C12334B1A9CD1B10069F964 /* Base */,
			);
			name = Main.storyboard;
			sourceTree = "<group>";
		};
		1C12334F1A9CD1B10069F964 /* LaunchScreen.xib */ = {
			isa = PBXVariantGroup;
			children = (
				1C1233501A9CD1B10069F964 /* Base */,
			);
			name = LaunchScreen.xib;
			sourceTree = "<group>";
		};
/* End PBXVariantGroup section */

/* Begin XCBuildConfiguration section */
		1C12335E1A9CD1B10069F964 /* Debug */ = {
			isa = XCBuildConfiguration;
			buildSettings = {
				ALWAYS_SEARCH_USER_PATHS = NO;
				CLANG_CXX_LANGUAGE_STANDARD = "gnu++0x";
				CLANG_CXX_LIBRARY = "libc++";
				CLANG_ENABLE_MODULES = YES;
				CLANG_ENABLE_OBJC_ARC = YES;
				CLANG_WARN_BOOL_CONVERSION = YES;
				CLANG_WARN_CONSTANT_CONVERSION = YES;
				CLANG_WARN_DIRECT_OBJC_ISA_USAGE = YES_ERROR;
				CLANG_WARN_EMPTY_BODY = YES;
				CLANG_WARN_ENUM_CONVERSION = YES;
				CLANG_WARN_INT_CONVERSION = YES;
				CLANG_WARN_OBJC_ROOT_CLASS = YES_ERROR;
				CLANG_WARN_UNREACHABLE_CODE = YES;
				CLANG_WARN__DUPLICATE_METHOD_MATCH = YES;
				"CODE_SIGN_IDENTITY[sdk=iphoneos*]" = "iPhone Developer";
				COPY_PHASE_STRIP = NO;
				ENABLE_STRICT_OBJC_MSGSEND = YES;
				GCC_C_LANGUAGE_STANDARD = gnu99;
				GCC_DYNAMIC_NO_PIC = NO;
				GCC_OPTIMIZATION_LEVEL = 0;
				GCC_PREPROCESSOR_DEFINITIONS = (
					"DEBUG=1",
					"$(inherited)",
				);
				GCC_SYMBOLS_PRIVATE_EXTERN = NO;
				GCC_WARN_64_TO_32_BIT_CONVERSION = YES;
				GCC_WARN_ABOUT_RETURN_TYPE = YES_ERROR;
				GCC_WARN_UNDECLARED_SELECTOR = YES;
				GCC_WARN_UNINITIALIZED_AUTOS = YES_AGGRESSIVE;
				GCC_WARN_UNUSED_FUNCTION = YES;
				GCC_WARN_UNUSED_VARIABLE = YES;
				IPHONEOS_DEPLOYMENT_TARGET = 8.1;
				MTL_ENABLE_DEBUG_INFO = YES;
				ONLY_ACTIVE_ARCH = YES;
				SDKROOT = iphoneos;
				SWIFT_OPTIMIZATION_LEVEL = "-Onone";
			};
			name = Debug;
		};
		1C12335F1A9CD1B10069F964 /* Release */ = {
			isa = XCBuildConfiguration;
			buildSettings = {
				ALWAYS_SEARCH_USER_PATHS = NO;
				CLANG_CXX_LANGUAGE_STANDARD = "gnu++0x";
				CLANG_CXX_LIBRARY = "libc++";
				CLANG_ENABLE_MODULES = YES;
				CLANG_ENABLE_OBJC_ARC = YES;
				CLANG_WARN_BOOL_CONVERSION = YES;
				CLANG_WARN_CONSTANT_CONVERSION = YES;
				CLANG_WARN_DIRECT_OBJC_ISA_USAGE = YES_ERROR;
				CLANG_WARN_EMPTY_BODY = YES;
				CLANG_WARN_ENUM_CONVERSION = YES;
				CLANG_WARN_INT_CONVERSION = YES;
				CLANG_WARN_OBJC_ROOT_CLASS = YES_ERROR;
				CLANG_WARN_UNREACHABLE_CODE = YES;
				CLANG_WARN__DUPLICATE_METHOD_MATCH = YES;
				"CODE_SIGN_IDENTITY[sdk=iphoneos*]" = "iPhone Developer";
				COPY_PHASE_STRIP = YES;
				ENABLE_NS_ASSERTIONS = NO;
				ENABLE_STRICT_OBJC_MSGSEND = YES;
				GCC_C_LANGUAGE_STANDARD = gnu99;
				GCC_WARN_64_TO_32_BIT_CONVERSION = YES;
				GCC_WARN_ABOUT_RETURN_TYPE = YES_ERROR;
				GCC_WARN_UNDECLARED_SELECTOR = YES;
				GCC_WARN_UNINITIALIZED_AUTOS = YES_AGGRESSIVE;
				GCC_WARN_UNUSED_FUNCTION = YES;
				GCC_WARN_UNUSED_VARIABLE = YES;
				IPHONEOS_DEPLOYMENT_TARGET = 8.1;
				MTL_ENABLE_DEBUG_INFO = NO;
				SDKROOT = iphoneos;
				VALIDATE_PRODUCT = YES;
			};
			name = Release;
		};
		1C1233611A9CD1B10069F964 /* Debug */ = {
			isa = XCBuildConfiguration;
			buildSettings = {
				ASSETCATALOG_COMPILER_APPICON_NAME = AppIcon;
				INFOPLIST_FILE = BlogApp/Info.plist;
				LD_RUNPATH_SEARCH_PATHS = "$(inherited) @executable_path/Frameworks";
				PRODUCT_NAME = "$(TARGET_NAME)";
			};
			name = Debug;
		};
		1C1233621A9CD1B10069F964 /* Release */ = {
			isa = XCBuildConfiguration;
			buildSettings = {
				ASSETCATALOG_COMPILER_APPICON_NAME = AppIcon;
				INFOPLIST_FILE = BlogApp/Info.plist;
				LD_RUNPATH_SEARCH_PATHS = "$(inherited) @executable_path/Frameworks";
				PRODUCT_NAME = "$(TARGET_NAME)";
			};
			name = Release;
		};
		1C1233641A9CD1B10069F964 /* Debug */ = {
			isa = XCBuildConfiguration;
			buildSettings = {
				BUNDLE_LOADER = "$(TEST_HOST)";
				FRAMEWORK_SEARCH_PATHS = (
					"$(SDKROOT)/Developer/Library/Frameworks",
					"$(inherited)",
				);
				GCC_PREPROCESSOR_DEFINITIONS = (
					"DEBUG=1",
					"$(inherited)",
				);
				INFOPLIST_FILE = BlogAppTests/Info.plist;
				LD_RUNPATH_SEARCH_PATHS = "$(inherited) @executable_path/Frameworks @loader_path/Frameworks";
				PRODUCT_NAME = "$(TARGET_NAME)";
				TEST_HOST = "$(BUILT_PRODUCTS_DIR)/BlogApp.app/BlogApp";
			};
			name = Debug;
		};
		1C1233651A9CD1B10069F964 /* Release */ = {
			isa = XCBuildConfiguration;
			buildSettings = {
				BUNDLE_LOADER = "$(TEST_HOST)";
				FRAMEWORK_SEARCH_PATHS = (
					"$(SDKROOT)/Developer/Library/Frameworks",
					"$(inherited)",
				);
				INFOPLIST_FILE = BlogAppTests/Info.plist;
				LD_RUNPATH_SEARCH_PATHS = "$(inherited) @executable_path/Frameworks @loader_path/Frameworks";
				PRODUCT_NAME = "$(TARGET_NAME)";
				TEST_HOST = "$(BUILT_PRODUCTS_DIR)/BlogApp.app/BlogApp";
			};
			name = Release;
		};
/* End XCBuildConfiguration section */

/* Begin XCConfigurationList section */
		1C1233391A9CD1B10069F964 /* Build configuration list for PBXProject "BlogApp" */ = {
			isa = XCConfigurationList;
			buildConfigurations = (
				1C12335E1A9CD1B10069F964 /* Debug */,
				1C12335F1A9CD1B10069F964 /* Release */,
			);
			defaultConfigurationIsVisible = 0;
			defaultConfigurationName = Release;
		};
		1C1233601A9CD1B10069F964 /* Build configuration list for PBXNativeTarget "BlogApp" */ = {
			isa = XCConfigurationList;
			buildConfigurations = (
				1C1233611A9CD1B10069F964 /* Debug */,
				1C1233621A9CD1B10069F964 /* Release */,
			);
			defaultConfigurationIsVisible = 0;
			defaultConfigurationName = Release;
		};
		1C1233631A9CD1B10069F964 /* Build configuration list for PBXNativeTarget "BlogAppTests" */ = {
			isa = XCConfigurationList;
			buildConfigurations = (
				1C1233641A9CD1B10069F964 /* Debug */,
				1C1233651A9CD1B10069F964 /* Release */,
			);
			defaultConfigurationIsVisible = 0;
			defaultConfigurationName = Release;
		};
/* End XCConfigurationList section */

/* Begin XCVersionGroup section */
		1C1233451A9CD1B10069F964 /* BlogApp.xcdatamodeld */ = {
			isa = XCVersionGroup;
			children = (
				1C1233461A9CD1B10069F964 /* BlogApp.xcdatamodel */,
			);
			currentVersion = 1C1233461A9CD1B10069F964 /* BlogApp.xcdatamodel */;
			path = BlogApp.xcdatamodeld;
			sourceTree = "<group>";
			versionGroupType = wrapper.xcdatamodel;
		};
/* End XCVersionGroup section */
	};
	rootObject = 1C1233361A9CD1B10069F964 /* Project object */;
}
